// !$*UTF8*$!
{
	archiveVersion = 1;
	classes = {
	};
	objectVersion = 55;
	objects = {

/* Begin PBXBuildFile section */
		A3437875292E6CE2004E393D /* HomeView.swift in Sources */ = {isa = PBXBuildFile; fileRef = A3437874292E6CE2004E393D /* HomeView.swift */; };
		A3FBBC592927FE5500A9B066 /* NewWaveStoreApp.swift in Sources */ = {isa = PBXBuildFile; fileRef = A3FBBC582927FE5500A9B066 /* NewWaveStoreApp.swift */; };
		A3FBBC5B2927FE5500A9B066 /* ContentView.swift in Sources */ = {isa = PBXBuildFile; fileRef = A3FBBC5A2927FE5500A9B066 /* ContentView.swift */; };
		A3FBBC5D2927FE5900A9B066 /* Assets.xcassets in Resources */ = {isa = PBXBuildFile; fileRef = A3FBBC5C2927FE5900A9B066 /* Assets.xcassets */; };
		A3FBBC602927FE5900A9B066 /* Preview Assets.xcassets in Resources */ = {isa = PBXBuildFile; fileRef = A3FBBC5F2927FE5900A9B066 /* Preview Assets.xcassets */; };
		A3FBBC83292803BD00A9B066 /* Product.swift in Sources */ = {isa = PBXBuildFile; fileRef = A3FBBC82292803BD00A9B066 /* Product.swift */; };
		A3FBBC89292808AC00A9B066 /* ProductList.swift in Sources */ = {isa = PBXBuildFile; fileRef = A3FBBC88292808AB00A9B066 /* ProductList.swift */; };
		A3FBBC8B292C05C600A9B066 /* Constants.swift in Sources */ = {isa = PBXBuildFile; fileRef = A3FBBC8A292C05C600A9B066 /* Constants.swift */; };
		A3FBBC91292C078A00A9B066 /* ProductView.swift in Sources */ = {isa = PBXBuildFile; fileRef = A3FBBC90292C078A00A9B066 /* ProductView.swift */; };
/* End PBXBuildFile section */

/* Begin PBXContainerItemProxy section */
		A3FBBC662927FE5A00A9B066 /* PBXContainerItemProxy */ = {
			isa = PBXContainerItemProxy;
			containerPortal = A3FBBC4D2927FE5500A9B066 /* Project object */;
			proxyType = 1;
			remoteGlobalIDString = A3FBBC542927FE5500A9B066;
			remoteInfo = NewWaveStore;
		};
		A3FBBC702927FE5A00A9B066 /* PBXContainerItemProxy */ = {
			isa = PBXContainerItemProxy;
			containerPortal = A3FBBC4D2927FE5500A9B066 /* Project object */;
			proxyType = 1;
			remoteGlobalIDString = A3FBBC542927FE5500A9B066;
			remoteInfo = NewWaveStore;
		};
/* End PBXContainerItemProxy section */

/* Begin PBXFileReference section */
		A3437874292E6CE2004E393D /* HomeView.swift */ = {isa = PBXFileReference; lastKnownFileType = sourcecode.swift; path = HomeView.swift; sourceTree = "<group>"; };
		A3FBBC552927FE5500A9B066 /* NewWaveStore.app */ = {isa = PBXFileReference; explicitFileType = wrapper.application; includeInIndex = 0; path = NewWaveStore.app; sourceTree = BUILT_PRODUCTS_DIR; };
		A3FBBC582927FE5500A9B066 /* NewWaveStoreApp.swift */ = {isa = PBXFileReference; lastKnownFileType = sourcecode.swift; path = NewWaveStoreApp.swift; sourceTree = "<group>"; };
		A3FBBC5A2927FE5500A9B066 /* ContentView.swift */ = {isa = PBXFileReference; lastKnownFileType = sourcecode.swift; path = ContentView.swift; sourceTree = "<group>"; };
		A3FBBC5C2927FE5900A9B066 /* Assets.xcassets */ = {isa = PBXFileReference; lastKnownFileType = folder.assetcatalog; path = Assets.xcassets; sourceTree = "<group>"; };
		A3FBBC5F2927FE5900A9B066 /* Preview Assets.xcassets */ = {isa = PBXFileReference; lastKnownFileType = folder.assetcatalog; path = "Preview Assets.xcassets"; sourceTree = "<group>"; };
		A3FBBC652927FE5A00A9B066 /* NewWaveStoreTests.xctest */ = {isa = PBXFileReference; explicitFileType = wrapper.cfbundle; includeInIndex = 0; path = NewWaveStoreTests.xctest; sourceTree = BUILT_PRODUCTS_DIR; };
		A3FBBC6F2927FE5A00A9B066 /* NewWaveStoreUITests.xctest */ = {isa = PBXFileReference; explicitFileType = wrapper.cfbundle; includeInIndex = 0; path = NewWaveStoreUITests.xctest; sourceTree = BUILT_PRODUCTS_DIR; };
		A3FBBC82292803BD00A9B066 /* Product.swift */ = {isa = PBXFileReference; lastKnownFileType = sourcecode.swift; path = Product.swift; sourceTree = "<group>"; };
		A3FBBC88292808AB00A9B066 /* ProductList.swift */ = {isa = PBXFileReference; lastKnownFileType = sourcecode.swift; path = ProductList.swift; sourceTree = "<group>"; };
		A3FBBC8A292C05C600A9B066 /* Constants.swift */ = {isa = PBXFileReference; lastKnownFileType = sourcecode.swift; path = Constants.swift; sourceTree = "<group>"; };
		A3FBBC90292C078A00A9B066 /* ProductView.swift */ = {isa = PBXFileReference; lastKnownFileType = sourcecode.swift; path = ProductView.swift; sourceTree = "<group>"; };
/* End PBXFileReference section */

/* Begin PBXFrameworksBuildPhase section */
		A3FBBC522927FE5500A9B066 /* Frameworks */ = {
			isa = PBXFrameworksBuildPhase;
			buildActionMask = 2147483647;
			files = (
			);
			runOnlyForDeploymentPostprocessing = 0;
		};
		A3FBBC622927FE5A00A9B066 /* Frameworks */ = {
			isa = PBXFrameworksBuildPhase;
			buildActionMask = 2147483647;
			files = (
			);
			runOnlyForDeploymentPostprocessing = 0;
		};
		A3FBBC6C2927FE5A00A9B066 /* Frameworks */ = {
			isa = PBXFrameworksBuildPhase;
			buildActionMask = 2147483647;
			files = (
			);
			runOnlyForDeploymentPostprocessing = 0;
		};
/* End PBXFrameworksBuildPhase section */

/* Begin PBXGroup section */
		A3FBBC4C2927FE5400A9B066 = {
			isa = PBXGroup;
			children = (
				A3FBBC572927FE5500A9B066 /* NewWaveStore */,
				A3FBBC562927FE5500A9B066 /* Products */,
			);
			sourceTree = "<group>";
		};
		A3FBBC562927FE5500A9B066 /* Products */ = {
			isa = PBXGroup;
			children = (
				A3FBBC552927FE5500A9B066 /* NewWaveStore.app */,
				A3FBBC652927FE5A00A9B066 /* NewWaveStoreTests.xctest */,
				A3FBBC6F2927FE5A00A9B066 /* NewWaveStoreUITests.xctest */,
			);
			name = Products;
			sourceTree = "<group>";
		};
		A3FBBC572927FE5500A9B066 /* NewWaveStore */ = {
			isa = PBXGroup;
			children = (
				A3FBBC852928073C00A9B066 /* Model */,
				A3FBBC842928071200A9B066 /* Views */,
				A3FBBC582927FE5500A9B066 /* NewWaveStoreApp.swift */,
				A3FBBC5C2927FE5900A9B066 /* Assets.xcassets */,
				A3FBBC5E2927FE5900A9B066 /* Preview Content */,
			);
			path = NewWaveStore;
			sourceTree = "<group>";
		};
		A3FBBC5E2927FE5900A9B066 /* Preview Content */ = {
			isa = PBXGroup;
			children = (
				A3FBBC5F2927FE5900A9B066 /* Preview Assets.xcassets */,
			);
			path = "Preview Content";
			sourceTree = "<group>";
		};
		A3FBBC842928071200A9B066 /* Views */ = {
			isa = PBXGroup;
			children = (
				A3FBBC90292C078A00A9B066 /* ProductView.swift */,
				A3FBBC5A2927FE5500A9B066 /* ContentView.swift */,
				A3437874292E6CE2004E393D /* HomeView.swift */,
			);
			path = Views;
			sourceTree = "<group>";
		};
		A3FBBC852928073C00A9B066 /* Model */ = {
			isa = PBXGroup;
			children = (
				A3FBBC8A292C05C600A9B066 /* Constants.swift */,
				A3FBBC82292803BD00A9B066 /* Product.swift */,
				A3FBBC88292808AB00A9B066 /* ProductList.swift */,
			);
			path = Model;
			sourceTree = "<group>";
		};
/* End PBXGroup section */

/* Begin PBXNativeTarget section */
		A3FBBC542927FE5500A9B066 /* NewWaveStore */ = {
			isa = PBXNativeTarget;
			buildConfigurationList = A3FBBC792927FE5A00A9B066 /* Build configuration list for PBXNativeTarget "NewWaveStore" */;
			buildPhases = (
				A3FBBC512927FE5500A9B066 /* Sources */,
				A3FBBC522927FE5500A9B066 /* Frameworks */,
				A3FBBC532927FE5500A9B066 /* Resources */,
			);
			buildRules = (
			);
			dependencies = (
			);
			name = NewWaveStore;
			productName = NewWaveStore;
			productReference = A3FBBC552927FE5500A9B066 /* NewWaveStore.app */;
			productType = "com.apple.product-type.application";
		};
		A3FBBC642927FE5A00A9B066 /* NewWaveStoreTests */ = {
			isa = PBXNativeTarget;
			buildConfigurationList = A3FBBC7C2927FE5A00A9B066 /* Build configuration list for PBXNativeTarget "NewWaveStoreTests" */;
			buildPhases = (
				A3FBBC612927FE5A00A9B066 /* Sources */,
				A3FBBC622927FE5A00A9B066 /* Frameworks */,
				A3FBBC632927FE5A00A9B066 /* Resources */,
			);
			buildRules = (
			);
			dependencies = (
				A3FBBC672927FE5A00A9B066 /* PBXTargetDependency */,
			);
			name = NewWaveStoreTests;
			productName = NewWaveStoreTests;
			productReference = A3FBBC652927FE5A00A9B066 /* NewWaveStoreTests.xctest */;
			productType = "com.apple.product-type.bundle.unit-test";
		};
		A3FBBC6E2927FE5A00A9B066 /* NewWaveStoreUITests */ = {
			isa = PBXNativeTarget;
			buildConfigurationList = A3FBBC7F2927FE5A00A9B066 /* Build configuration list for PBXNativeTarget "NewWaveStoreUITests" */;
			buildPhases = (
				A3FBBC6B2927FE5A00A9B066 /* Sources */,
				A3FBBC6C2927FE5A00A9B066 /* Frameworks */,
				A3FBBC6D2927FE5A00A9B066 /* Resources */,
			);
			buildRules = (
			);
			dependencies = (
				A3FBBC712927FE5A00A9B066 /* PBXTargetDependency */,
			);
			name = NewWaveStoreUITests;
			productName = NewWaveStoreUITests;
			productReference = A3FBBC6F2927FE5A00A9B066 /* NewWaveStoreUITests.xctest */;
			productType = "com.apple.product-type.bundle.ui-testing";
		};
/* End PBXNativeTarget section */

/* Begin PBXProject section */
		A3FBBC4D2927FE5500A9B066 /* Project object */ = {
			isa = PBXProject;
			attributes = {
				BuildIndependentTargetsInParallel = 1;
				LastSwiftUpdateCheck = 1340;
				LastUpgradeCheck = 1340;
				TargetAttributes = {
					A3FBBC542927FE5500A9B066 = {
						CreatedOnToolsVersion = 13.4.1;
					};
					A3FBBC642927FE5A00A9B066 = {
						CreatedOnToolsVersion = 13.4.1;
						TestTargetID = A3FBBC542927FE5500A9B066;
					};
					A3FBBC6E2927FE5A00A9B066 = {
						CreatedOnToolsVersion = 13.4.1;
						TestTargetID = A3FBBC542927FE5500A9B066;
					};
				};
			};
			buildConfigurationList = A3FBBC502927FE5500A9B066 /* Build configuration list for PBXProject "NewWaveStore" */;
			compatibilityVersion = "Xcode 13.0";
			developmentRegion = en;
			hasScannedForEncodings = 0;
			knownRegions = (
				en,
				Base,
			);
			mainGroup = A3FBBC4C2927FE5400A9B066;
			productRefGroup = A3FBBC562927FE5500A9B066 /* Products */;
			projectDirPath = "";
			projectRoot = "";
			targets = (
				A3FBBC542927FE5500A9B066 /* NewWaveStore */,
				A3FBBC642927FE5A00A9B066 /* NewWaveStoreTests */,
				A3FBBC6E2927FE5A00A9B066 /* NewWaveStoreUITests */,
			);
		};
/* End PBXProject section */

/* Begin PBXResourcesBuildPhase section */
		A3FBBC532927FE5500A9B066 /* Resources */ = {
			isa = PBXResourcesBuildPhase;
			buildActionMask = 2147483647;
			files = (
				A3FBBC602927FE5900A9B066 /* Preview Assets.xcassets in Resources */,
				A3FBBC5D2927FE5900A9B066 /* Assets.xcassets in Resources */,
			);
			runOnlyForDeploymentPostprocessing = 0;
		};
		A3FBBC632927FE5A00A9B066 /* Resources */ = {
			isa = PBXResourcesBuildPhase;
			buildActionMask = 2147483647;
			files = (
			);
			runOnlyForDeploymentPostprocessing = 0;
		};
		A3FBBC6D2927FE5A00A9B066 /* Resources */ = {
			isa = PBXResourcesBuildPhase;
			buildActionMask = 2147483647;
			files = (
			);
			runOnlyForDeploymentPostprocessing = 0;
		};
/* End PBXResourcesBuildPhase section */

/* Begin PBXSourcesBuildPhase section */
		A3FBBC512927FE5500A9B066 /* Sources */ = {
			isa = PBXSourcesBuildPhase;
			buildActionMask = 2147483647;
			files = (
				A3FBBC8B292C05C600A9B066 /* Constants.swift in Sources */,
				A3437875292E6CE2004E393D /* HomeView.swift in Sources */,
				A3FBBC5B2927FE5500A9B066 /* ContentView.swift in Sources */,
				A3FBBC89292808AC00A9B066 /* ProductList.swift in Sources */,
				A3FBBC592927FE5500A9B066 /* NewWaveStoreApp.swift in Sources */,
				A3FBBC91292C078A00A9B066 /* ProductView.swift in Sources */,
				A3FBBC83292803BD00A9B066 /* Product.swift in Sources */,
			);
			runOnlyForDeploymentPostprocessing = 0;
		};
		A3FBBC612927FE5A00A9B066 /* Sources */ = {
			isa = PBXSourcesBuildPhase;
			buildActionMask = 2147483647;
			files = (
			);
			runOnlyForDeploymentPostprocessing = 0;
		};
		A3FBBC6B2927FE5A00A9B066 /* Sources */ = {
			isa = PBXSourcesBuildPhase;
			buildActionMask = 2147483647;
			files = (
			);
			runOnlyForDeploymentPostprocessing = 0;
		};
/* End PBXSourcesBuildPhase section */

/* Begin PBXTargetDependency section */
		A3FBBC672927FE5A00A9B066 /* PBXTargetDependency */ = {
			isa = PBXTargetDependency;
			target = A3FBBC542927FE5500A9B066 /* NewWaveStore */;
			targetProxy = A3FBBC662927FE5A00A9B066 /* PBXContainerItemProxy */;
		};
		A3FBBC712927FE5A00A9B066 /* PBXTargetDependency */ = {
			isa = PBXTargetDependency;
			target = A3FBBC542927FE5500A9B066 /* NewWaveStore */;
			targetProxy = A3FBBC702927FE5A00A9B066 /* PBXContainerItemProxy */;
		};
/* End PBXTargetDependency section */

/* Begin XCBuildConfiguration section */
		A3FBBC772927FE5A00A9B066 /* Debug */ = {
			isa = XCBuildConfiguration;
			buildSettings = {
				ALWAYS_SEARCH_USER_PATHS = NO;
				CLANG_ANALYZER_NONNULL = YES;
				CLANG_ANALYZER_NUMBER_OBJECT_CONVERSION = YES_AGGRESSIVE;
				CLANG_CXX_LANGUAGE_STANDARD = "gnu++17";
				CLANG_ENABLE_MODULES = YES;
				CLANG_ENABLE_OBJC_ARC = YES;
				CLANG_ENABLE_OBJC_WEAK = YES;
				CLANG_WARN_BLOCK_CAPTURE_AUTORELEASING = YES;
				CLANG_WARN_BOOL_CONVERSION = YES;
				CLANG_WARN_COMMA = YES;
				CLANG_WARN_CONSTANT_CONVERSION = YES;
				CLANG_WARN_DEPRECATED_OBJC_IMPLEMENTATIONS = YES;
				CLANG_WARN_DIRECT_OBJC_ISA_USAGE = YES_ERROR;
				CLANG_WARN_DOCUMENTATION_COMMENTS = YES;
				CLANG_WARN_EMPTY_BODY = YES;
				CLANG_WARN_ENUM_CONVERSION = YES;
				CLANG_WARN_INFINITE_RECURSION = YES;
				CLANG_WARN_INT_CONVERSION = YES;
				CLANG_WARN_NON_LITERAL_NULL_CONVERSION = YES;
				CLANG_WARN_OBJC_IMPLICIT_RETAIN_SELF = YES;
				CLANG_WARN_OBJC_LITERAL_CONVERSION = YES;
				CLANG_WARN_OBJC_ROOT_CLASS = YES_ERROR;
				CLANG_WARN_QUOTED_INCLUDE_IN_FRAMEWORK_HEADER = YES;
				CLANG_WARN_RANGE_LOOP_ANALYSIS = YES;
				CLANG_WARN_STRICT_PROTOTYPES = YES;
				CLANG_WARN_SUSPICIOUS_MOVE = YES;
				CLANG_WARN_UNGUARDED_AVAILABILITY = YES_AGGRESSIVE;
				CLANG_WARN_UNREACHABLE_CODE = YES;
				CLANG_WARN__DUPLICATE_METHOD_MATCH = YES;
				COPY_PHASE_STRIP = NO;
				DEBUG_INFORMATION_FORMAT = dwarf;
				ENABLE_STRICT_OBJC_MSGSEND = YES;
				ENABLE_TESTABILITY = YES;
				GCC_C_LANGUAGE_STANDARD = gnu11;
				GCC_DYNAMIC_NO_PIC = NO;
				GCC_NO_COMMON_BLOCKS = YES;
				GCC_OPTIMIZATION_LEVEL = 0;
				GCC_PREPROCESSOR_DEFINITIONS = (
					"DEBUG=1",
					"$(inherited)",
				);
				GCC_WARN_64_TO_32_BIT_CONVERSION = YES;
				GCC_WARN_ABOUT_RETURN_TYPE = YES_ERROR;
				GCC_WARN_UNDECLARED_SELECTOR = YES;
				GCC_WARN_UNINITIALIZED_AUTOS = YES_AGGRESSIVE;
				GCC_WARN_UNUSED_FUNCTION = YES;
				GCC_WARN_UNUSED_VARIABLE = YES;
				IPHONEOS_DEPLOYMENT_TARGET = 15.5;
				MTL_ENABLE_DEBUG_INFO = INCLUDE_SOURCE;
				MTL_FAST_MATH = YES;
				ONLY_ACTIVE_ARCH = YES;
				SDKROOT = iphoneos;
				SWIFT_ACTIVE_COMPILATION_CONDITIONS = DEBUG;
				SWIFT_OPTIMIZATION_LEVEL = "-Onone";
			};
			name = Debug;
		};
		A3FBBC782927FE5A00A9B066 /* Release */ = {
			isa = XCBuildConfiguration;
			buildSettings = {
				ALWAYS_SEARCH_USER_PATHS = NO;
				CLANG_ANALYZER_NONNULL = YES;
				CLANG_ANALYZER_NUMBER_OBJECT_CONVERSION = YES_AGGRESSIVE;
				CLANG_CXX_LANGUAGE_STANDARD = "gnu++17";
				CLANG_ENABLE_MODULES = YES;
				CLANG_ENABLE_OBJC_ARC = YES;
				CLANG_ENABLE_OBJC_WEAK = YES;
				CLANG_WARN_BLOCK_CAPTURE_AUTORELEASING = YES;
				CLANG_WARN_BOOL_CONVERSION = YES;
				CLANG_WARN_COMMA = YES;
				CLANG_WARN_CONSTANT_CONVERSION = YES;
				CLANG_WARN_DEPRECATED_OBJC_IMPLEMENTATIONS = YES;
				CLANG_WARN_DIRECT_OBJC_ISA_USAGE = YES_ERROR;
				CLANG_WARN_DOCUMENTATION_COMMENTS = YES;
				CLANG_WARN_EMPTY_BODY = YES;
				CLANG_WARN_ENUM_CONVERSION = YES;
				CLANG_WARN_INFINITE_RECURSION = YES;
				CLANG_WARN_INT_CONVERSION = YES;
				CLANG_WARN_NON_LITERAL_NULL_CONVERSION = YES;
				CLANG_WARN_OBJC_IMPLICIT_RETAIN_SELF = YES;
				CLANG_WARN_OBJC_LITERAL_CONVERSION = YES;
				CLANG_WARN_OBJC_ROOT_CLASS = YES_ERROR;
				CLANG_WARN_QUOTED_INCLUDE_IN_FRAMEWORK_HEADER = YES;
				CLANG_WARN_RANGE_LOOP_ANALYSIS = YES;
				CLANG_WARN_STRICT_PROTOTYPES = YES;
				CLANG_WARN_SUSPICIOUS_MOVE = YES;
				CLANG_WARN_UNGUARDED_AVAILABILITY = YES_AGGRESSIVE;
				CLANG_WARN_UNREACHABLE_CODE = YES;
				CLANG_WARN__DUPLICATE_METHOD_MATCH = YES;
				COPY_PHASE_STRIP = NO;
				DEBUG_INFORMATION_FORMAT = "dwarf-with-dsym";
				ENABLE_NS_ASSERTIONS = NO;
				ENABLE_STRICT_OBJC_MSGSEND = YES;
				GCC_C_LANGUAGE_STANDARD = gnu11;
				GCC_NO_COMMON_BLOCKS = YES;
				GCC_WARN_64_TO_32_BIT_CONVERSION = YES;
				GCC_WARN_ABOUT_RETURN_TYPE = YES_ERROR;
				GCC_WARN_UNDECLARED_SELECTOR = YES;
				GCC_WARN_UNINITIALIZED_AUTOS = YES_AGGRESSIVE;
				GCC_WARN_UNUSED_FUNCTION = YES;
				GCC_WARN_UNUSED_VARIABLE = YES;
				IPHONEOS_DEPLOYMENT_TARGET = 15.5;
				MTL_ENABLE_DEBUG_INFO = NO;
				MTL_FAST_MATH = YES;
				SDKROOT = iphoneos;
				SWIFT_COMPILATION_MODE = wholemodule;
				SWIFT_OPTIMIZATION_LEVEL = "-O";
				VALIDATE_PRODUCT = YES;
			};
			name = Release;
		};
		A3FBBC7A2927FE5A00A9B066 /* Debug */ = {
			isa = XCBuildConfiguration;
			buildSettings = {
				ASSETCATALOG_COMPILER_APPICON_NAME = AppIcon;
				ASSETCATALOG_COMPILER_GLOBAL_ACCENT_COLOR_NAME = AccentColor;
				CODE_SIGN_STYLE = Automatic;
				CURRENT_PROJECT_VERSION = 1;
				DEVELOPMENT_ASSET_PATHS = "\"NewWaveStore/Preview Content\"";
				DEVELOPMENT_TEAM = VA3GFWL4H7;
				ENABLE_PREVIEWS = YES;
				GENERATE_INFOPLIST_FILE = YES;
				INFOPLIST_KEY_UIApplicationSceneManifest_Generation = YES;
				INFOPLIST_KEY_UIApplicationSupportsIndirectInputEvents = YES;
				INFOPLIST_KEY_UILaunchScreen_Generation = YES;
				INFOPLIST_KEY_UISupportedInterfaceOrientations_iPad = "UIInterfaceOrientationPortrait UIInterfaceOrientationPortraitUpsideDown UIInterfaceOrientationLandscapeLeft UIInterfaceOrientationLandscapeRight";
				INFOPLIST_KEY_UISupportedInterfaceOrientations_iPhone = "UIInterfaceOrientationPortrait UIInterfaceOrientationLandscapeLeft UIInterfaceOrientationLandscapeRight";
				LD_RUNPATH_SEARCH_PATHS = (
					"$(inherited)",
					"@executable_path/Frameworks",
				);
				MARKETING_VERSION = 1.0;
				PRODUCT_BUNDLE_IDENTIFIER = QED.NewWaveStore;
				PRODUCT_NAME = "$(TARGET_NAME)";
				SWIFT_EMIT_LOC_STRINGS = YES;
				SWIFT_VERSION = 5.0;
				TARGETED_DEVICE_FAMILY = "1,2";
			};
			name = Debug;
		};
		A3FBBC7B2927FE5A00A9B066 /* Release */ = {
			isa = XCBuildConfiguration;
			buildSettings = {
				ASSETCATALOG_COMPILER_APPICON_NAME = AppIcon;
				ASSETCATALOG_COMPILER_GLOBAL_ACCENT_COLOR_NAME = AccentColor;
				CODE_SIGN_STYLE = Automatic;
				CURRENT_PROJECT_VERSION = 1;
				DEVELOPMENT_ASSET_PATHS = "\"NewWaveStore/Preview Content\"";
				DEVELOPMENT_TEAM = VA3GFWL4H7;
				ENABLE_PREVIEWS = YES;
				GENERATE_INFOPLIST_FILE = YES;
				INFOPLIST_KEY_UIApplicationSceneManifest_Generation = YES;
				INFOPLIST_KEY_UIApplicationSupportsIndirectInputEvents = YES;
				INFOPLIST_KEY_UILaunchScreen_Generation = YES;
				INFOPLIST_KEY_UISupportedInterfaceOrientations_iPad = "UIInterfaceOrientationPortrait UIInterfaceOrientationPortraitUpsideDown UIInterfaceOrientationLandscapeLeft UIInterfaceOrientationLandscapeRight";
				INFOPLIST_KEY_UISupportedInterfaceOrientations_iPhone = "UIInterfaceOrientationPortrait UIInterfaceOrientationLandscapeLeft UIInterfaceOrientationLandscapeRight";
				LD_RUNPATH_SEARCH_PATHS = (
					"$(inherited)",
					"@executable_path/Frameworks",
				);
				MARKETING_VERSION = 1.0;
				PRODUCT_BUNDLE_IDENTIFIER = QED.NewWaveStore;
				PRODUCT_NAME = "$(TARGET_NAME)";
				SWIFT_EMIT_LOC_STRINGS = YES;
				SWIFT_VERSION = 5.0;
				TARGETED_DEVICE_FAMILY = "1,2";
			};
			name = Release;
		};
		A3FBBC7D2927FE5A00A9B066 /* Debug */ = {
			isa = XCBuildConfiguration;
			buildSettings = {
				ALWAYS_EMBED_SWIFT_STANDARD_LIBRARIES = YES;
				BUNDLE_LOADER = "$(TEST_HOST)";
				CODE_SIGN_STYLE = Automatic;
				CURRENT_PROJECT_VERSION = 1;
				DEVELOPMENT_TEAM = VA3GFWL4H7;
				GENERATE_INFOPLIST_FILE = YES;
				IPHONEOS_DEPLOYMENT_TARGET = 15.5;
				MARKETING_VERSION = 1.0;
				PRODUCT_BUNDLE_IDENTIFIER = QED.NewWaveStoreTests;
				PRODUCT_NAME = "$(TARGET_NAME)";
				SWIFT_EMIT_LOC_STRINGS = NO;
				SWIFT_VERSION = 5.0;
				TARGETED_DEVICE_FAMILY = "1,2";
				TEST_HOST = "$(BUILT_PRODUCTS_DIR)/NewWaveStore.app/NewWaveStore";
			};
			name = Debug;
		};
		A3FBBC7E2927FE5A00A9B066 /* Release */ = {
			isa = XCBuildConfiguration;
			buildSettings = {
				ALWAYS_EMBED_SWIFT_STANDARD_LIBRARIES = YES;
				BUNDLE_LOADER = "$(TEST_HOST)";
				CODE_SIGN_STYLE = Automatic;
				CURRENT_PROJECT_VERSION = 1;
				DEVELOPMENT_TEAM = VA3GFWL4H7;
				GENERATE_INFOPLIST_FILE = YES;
				IPHONEOS_DEPLOYMENT_TARGET = 15.5;
				MARKETING_VERSION = 1.0;
				PRODUCT_BUNDLE_IDENTIFIER = QED.NewWaveStoreTests;
				PRODUCT_NAME = "$(TARGET_NAME)";
				SWIFT_EMIT_LOC_STRINGS = NO;
				SWIFT_VERSION = 5.0;
				TARGETED_DEVICE_FAMILY = "1,2";
				TEST_HOST = "$(BUILT_PRODUCTS_DIR)/NewWaveStore.app/NewWaveStore";
			};
			name = Release;
		};
		A3FBBC802927FE5A00A9B066 /* Debug */ = {
			isa = XCBuildConfiguration;
			buildSettings = {
				ALWAYS_EMBED_SWIFT_STANDARD_LIBRARIES = YES;
				CODE_SIGN_STYLE = Automatic;
				CURRENT_PROJECT_VERSION = 1;
				DEVELOPMENT_TEAM = VA3GFWL4H7;
				GENERATE_INFOPLIST_FILE = YES;
				MARKETING_VERSION = 1.0;
				PRODUCT_BUNDLE_IDENTIFIER = QED.NewWaveStoreUITests;
				PRODUCT_NAME = "$(TARGET_NAME)";
				SWIFT_EMIT_LOC_STRINGS = NO;
				SWIFT_VERSION = 5.0;
				TARGETED_DEVICE_FAMILY = "1,2";
				TEST_TARGET_NAME = NewWaveStore;
			};
			name = Debug;
		};
		A3FBBC812927FE5A00A9B066 /* Release */ = {
			isa = XCBuildConfiguration;
			buildSettings = {
				ALWAYS_EMBED_SWIFT_STANDARD_LIBRARIES = YES;
				CODE_SIGN_STYLE = Automatic;
				CURRENT_PROJECT_VERSION = 1;
				DEVELOPMENT_TEAM = VA3GFWL4H7;
				GENERATE_INFOPLIST_FILE = YES;
				MARKETING_VERSION = 1.0;
				PRODUCT_BUNDLE_IDENTIFIER = QED.NewWaveStoreUITests;
				PRODUCT_NAME = "$(TARGET_NAME)";
				SWIFT_EMIT_LOC_STRINGS = NO;
				SWIFT_VERSION = 5.0;
				TARGETED_DEVICE_FAMILY = "1,2";
				TEST_TARGET_NAME = NewWaveStore;
			};
			name = Release;
		};
/* End XCBuildConfiguration section */

/* Begin XCConfigurationList section */
		A3FBBC502927FE5500A9B066 /* Build configuration list for PBXProject "NewWaveStore" */ = {
			isa = XCConfigurationList;
			buildConfigurations = (
				A3FBBC772927FE5A00A9B066 /* Debug */,
				A3FBBC782927FE5A00A9B066 /* Release */,
			);
			defaultConfigurationIsVisible = 0;
			defaultConfigurationName = Release;
		};
		A3FBBC792927FE5A00A9B066 /* Build configuration list for PBXNativeTarget "NewWaveStore" */ = {
			isa = XCConfigurationList;
			buildConfigurations = (
				A3FBBC7A2927FE5A00A9B066 /* Debug */,
				A3FBBC7B2927FE5A00A9B066 /* Release */,
			);
			defaultConfigurationIsVisible = 0;
			defaultConfigurationName = Release;
		};
		A3FBBC7C2927FE5A00A9B066 /* Build configuration list for PBXNativeTarget "NewWaveStoreTests" */ = {
			isa = XCConfigurationList;
			buildConfigurations = (
				A3FBBC7D2927FE5A00A9B066 /* Debug */,
				A3FBBC7E2927FE5A00A9B066 /* Release */,
			);
			defaultConfigurationIsVisible = 0;
			defaultConfigurationName = Release;
		};
		A3FBBC7F2927FE5A00A9B066 /* Build configuration list for PBXNativeTarget "NewWaveStoreUITests" */ = {
			isa = XCConfigurationList;
			buildConfigurations = (
				A3FBBC802927FE5A00A9B066 /* Debug */,
				A3FBBC812927FE5A00A9B066 /* Release */,
			);
			defaultConfigurationIsVisible = 0;
			defaultConfigurationName = Release;
		};
/* End XCConfigurationList section */
	};
	rootObject = A3FBBC4D2927FE5500A9B066 /* Project object */;
}
